
Microsoft Visual Studio Solution File, Format Version 11.00
# Visual Studio 2010
Project("{FAE04EC0-301F-11D3-BF4B-00C04F79EFBC}") = "ARKit", "Assembly-CSharp.csproj", "{879FDF0A-EAF9-E1FA-6161-25619617E063}"
EndProject
Project("{FAE04EC0-301F-11D3-BF4B-00C04F79EFBC}") = "ARKit", "Assembly-CSharp-firstpass.csproj", "{B016C623-3F1C-86BF-99C8-175FCD433108}"
EndProject
Project("{FAE04EC0-301F-11D3-BF4B-00C04F79EFBC}") = "ARKit", "Assembly-CSharp-Editor-firstpass.csproj", "{AEDC6E90-34F2-6E47-7022-A46F1647A2F7}"
EndProject
Project("{FAE04EC0-301F-11D3-BF4B-00C04F79EFBC}") = "ARKit", "Assembly-CSharp-Editor.csproj", "{5AC66A32-EFE2-057F-D159-CD48974B12E1}"
EndProject
Global
	GlobalSection(SolutionConfigurationPlatforms) = preSolution
		Debug|Any CPU = Debug|Any CPU
		Release|Any CPU = Release|Any CPU
	EndGlobalSection
	GlobalSection(ProjectConfigurationPlatforms) = postSolution
		{879FDF0A-EAF9-E1FA-6161-25619617E063}.Debug|Any CPU.ActiveCfg = Debug|Any CPU
		{879FDF0A-EAF9-E1FA-6161-25619617E063}.Debug|Any CPU.Build.0 = Debug|Any CPU
		{879FDF0A-EAF9-E1FA-6161-25619617E063}.Release|Any CPU.ActiveCfg = Release|Any CPU
		{879FDF0A-EAF9-E1FA-6161-25619617E063}.Release|Any CPU.Build.0 = Release|Any CPU
		{B016C623-3F1C-86BF-99C8-175FCD433108}.Debug|Any CPU.ActiveCfg = Debug|Any CPU
		{B016C623-3F1C-86BF-99C8-175FCD433108}.Debug|Any CPU.Build.0 = Debug|Any CPU
		{B016C623-3F1C-86BF-99C8-175FCD433108}.Release|Any CPU.ActiveCfg = Release|Any CPU
		{B016C623-3F1C-86BF-99C8-175FCD433108}.Release|Any CPU.Build.0 = Release|Any CPU
		{AEDC6E90-34F2-6E47-7022-A46F1647A2F7}.Debug|Any CPU.ActiveCfg = Debug|Any CPU
		{AEDC6E90-34F2-6E47-7022-A46F1647A2F7}.Debug|Any CPU.Build.0 = Debug|Any CPU
		{AEDC6E90-34F2-6E47-7022-A46F1647A2F7}.Release|Any CPU.ActiveCfg = Release|Any CPU
		{AEDC6E90-34F2-6E47-7022-A46F1647A2F7}.Release|Any CPU.Build.0 = Release|Any CPU
		{5AC66A32-EFE2-057F-D159-CD48974B12E1}.Debug|Any CPU.ActiveCfg = Debug|Any CPU
		{5AC66A32-EFE2-057F-D159-CD48974B12E1}.Debug|Any CPU.Build.0 = Debug|Any CPU
		{5AC66A32-EFE2-057F-D159-CD48974B12E1}.Release|Any CPU.ActiveCfg = Release|Any CPU
		{5AC66A32-EFE2-057F-D159-CD48974B12E1}.Release|Any CPU.Build.0 = Release|Any CPU
	EndGlobalSection
	GlobalSection(SolutionProperties) = preSolution
		HideSolutionNode = FALSE
	EndGlobalSection
	GlobalSection(MonoDevelopProperties) = preSolution
		StartupItem = Assembly-CSharp.csproj
	EndGlobalSection
EndGlobal
